
Microsoft Visual Studio Solution File, Format Version 9.00
# Visual Studio 2005
Project("{FAE04EC0-301F-11D3-BF4B-00C04F79EFBC}") = "Host", "Host.csproj", "{12EC66B5-08D3-41DE-83E2-FFC916EECFEA}"
	ProjectSection(WebsiteProperties) = preProject
		Debug.AspNetCompiler.Debug = "True"
		Release.AspNetCompiler.Debug = "False"
	EndProjectSection
EndProject
Project("{FAE04EC0-301F-11D3-BF4B-00C04F79EFBC}") = "RemoteInterface", "..\..\RemoteInterface\RemoteInterface.csproj", "{1A247E62-83B0-4E0F-B813-F95E3485DEEE}"
	ProjectSection(WebsiteProperties) = preProject
		Debug.AspNetCompiler.Debug = "True"
		Release.AspNetCompiler.Debug = "False"
	EndProjectSection
EndProject
Project("{FAE04EC0-301F-11D3-BF4B-00C04F79EFBC}") = "WinConsoleClient", "..\WinConsoleClient\WinConsoleClient.csproj", "{1B022081-8A7C-44BE-AD8A-CEFD45EACE01}"
	ProjectSection(WebsiteProperties) = preProject
		Debug.AspNetCompiler.Debug = "True"
		Release.AspNetCompiler.Debug = "False"
	EndProjectSection
EndProject
Project("{FAE04EC0-301F-11D3-BF4B-00C04F79EFBC}") = "ServerFactory", "..\ServerFactory\ServerFactory.csproj", "{EC3E10E8-E954-4A7B-B4DC-A750D35C6D15}"
	ProjectSection(WebsiteProperties) = preProject
		Debug.AspNetCompiler.Debug = "True"
		Release.AspNetCompiler.Debug = "False"
	EndProjectSection
EndProject
Project("{FAE04EC0-301F-11D3-BF4B-00C04F79EFBC}") = "timccexchg", "..\..\TIMCC\timccexchg\timccexchg.csproj", "{11A894B9-1352-4597-BEEA-F9B6998D9EEC}"
	ProjectSection(WebsiteProperties) = preProject
		Debug.AspNetCompiler.Debug = "True"
		Release.AspNetCompiler.Debug = "False"
	EndProjectSection
EndProject
Project("{FAE04EC0-301F-11D3-BF4B-00C04F79EFBC}") = "test", "..\..\MFCC\MFCC\test\test.csproj", "{6D5D236A-A5F8-467E-B1E4-773EF9631CF7}"
	ProjectSection(WebsiteProperties) = preProject
		Debug.AspNetCompiler.Debug = "True"
		Release.AspNetCompiler.Debug = "False"
	EndProjectSection
EndProject
Project("{FAE04EC0-301F-11D3-BF4B-00C04F79EFBC}") = "ParserTest", "..\..\..\ParserTest\ParserTest.csproj", "{D76DA467-D337-4E3B-B690-1A89D673FD19}"
	ProjectSection(WebsiteProperties) = preProject
		Debug.AspNetCompiler.Debug = "True"
		Release.AspNetCompiler.Debug = "False"
	EndProjectSection
EndProject
Project("{FAE04EC0-301F-11D3-BF4B-00C04F79EFBC}") = "V2DLE", "..\..\V2DLE\V2DLE.csproj", "{759C6C3E-0C2A-456F-AC3C-42D8B9329566}"
	ProjectSection(WebsiteProperties) = preProject
		Debug.AspNetCompiler.Debug = "True"
		Release.AspNetCompiler.Debug = "False"
	EndProjectSection
EndProject
Project("{FAE04EC0-301F-11D3-BF4B-00C04F79EFBC}") = "DBConnect", "C:\Users\4820tg\Desktop\ResponsePlan\ResponsePlan\DBConnect\DBConnect.csproj", "{FE70D0A0-0C4C-44D5-8310-6AF36CDF000A}"
	ProjectSection(WebsiteProperties) = preProject
		Debug.AspNetCompiler.Debug = "True"
		Release.AspNetCompiler.Debug = "False"
	EndProjectSection
EndProject
Project("{FAE04EC0-301F-11D3-BF4B-00C04F79EFBC}") = "Execution", "C:\Users\4820tg\Desktop\ResponsePlan\ResponsePlan\Execution\Execution.csproj", "{F9CA4DF0-4DCB-4A9B-B74B-E474508F41FF}"
	ProjectSection(WebsiteProperties) = preProject
		Debug.AspNetCompiler.Debug = "True"
		Release.AspNetCompiler.Debug = "False"
	EndProjectSection
EndProject
Global
	GlobalSection(SolutionConfigurationPlatforms) = preSolution
		Debug|Any CPU = Debug|Any CPU
		Release|Any CPU = Release|Any CPU
	EndGlobalSection
	GlobalSection(ProjectConfigurationPlatforms) = postSolution
		{12EC66B5-08D3-41DE-83E2-FFC916EECFEA}.Debug|Any CPU.ActiveCfg = Debug|Any CPU
		{12EC66B5-08D3-41DE-83E2-FFC916EECFEA}.Debug|Any CPU.Build.0 = Debug|Any CPU
		{12EC66B5-08D3-41DE-83E2-FFC916EECFEA}.Release|Any CPU.ActiveCfg = Release|Any CPU
		{12EC66B5-08D3-41DE-83E2-FFC916EECFEA}.Release|Any CPU.Build.0 = Release|Any CPU
		{1A247E62-83B0-4E0F-B813-F95E3485DEEE}.Debug|Any CPU.ActiveCfg = Debug|Any CPU
		{1A247E62-83B0-4E0F-B813-F95E3485DEEE}.Debug|Any CPU.Build.0 = Debug|Any CPU
		{1A247E62-83B0-4E0F-B813-F95E3485DEEE}.Release|Any CPU.ActiveCfg = Release|Any CPU
		{1A247E62-83B0-4E0F-B813-F95E3485DEEE}.Release|Any CPU.Build.0 = Release|Any CPU
		{1B022081-8A7C-44BE-AD8A-CEFD45EACE01}.Debug|Any CPU.ActiveCfg = Debug|Any CPU
		{1B022081-8A7C-44BE-AD8A-CEFD45EACE01}.Debug|Any CPU.Build.0 = Debug|Any CPU
		{1B022081-8A7C-44BE-AD8A-CEFD45EACE01}.Release|Any CPU.ActiveCfg = Release|Any CPU
		{1B022081-8A7C-44BE-AD8A-CEFD45EACE01}.Release|Any CPU.Build.0 = Release|Any CPU
		{EC3E10E8-E954-4A7B-B4DC-A750D35C6D15}.Debug|Any CPU.ActiveCfg = Debug|Any CPU
		{EC3E10E8-E954-4A7B-B4DC-A750D35C6D15}.Debug|Any CPU.Build.0 = Debug|Any CPU
		{EC3E10E8-E954-4A7B-B4DC-A750D35C6D15}.Release|Any CPU.ActiveCfg = Release|Any CPU
		{EC3E10E8-E954-4A7B-B4DC-A750D35C6D15}.Release|Any CPU.Build.0 = Release|Any CPU
		{11A894B9-1352-4597-BEEA-F9B6998D9EEC}.Debug|Any CPU.ActiveCfg = Debug|Any CPU
		{11A894B9-1352-4597-BEEA-F9B6998D9EEC}.Debug|Any CPU.Build.0 = Debug|Any CPU
		{11A894B9-1352-4597-BEEA-F9B6998D9EEC}.Release|Any CPU.ActiveCfg = Release|Any CPU
		{11A894B9-1352-4597-BEEA-F9B6998D9EEC}.Release|Any CPU.Build.0 = Release|Any CPU
		{6D5D236A-A5F8-467E-B1E4-773EF9631CF7}.Debug|Any CPU.ActiveCfg = Debug|Any CPU
		{6D5D236A-A5F8-467E-B1E4-773EF9631CF7}.Debug|Any CPU.Build.0 = Debug|Any CPU
		{6D5D236A-A5F8-467E-B1E4-773EF9631CF7}.Release|Any CPU.ActiveCfg = Release|Any CPU
		{6D5D236A-A5F8-467E-B1E4-773EF9631CF7}.Release|Any CPU.Build.0 = Release|Any CPU
		{D76DA467-D337-4E3B-B690-1A89D673FD19}.Debug|Any CPU.ActiveCfg = Debug|Any CPU
		{D76DA467-D337-4E3B-B690-1A89D673FD19}.Debug|Any CPU.Build.0 = Debug|Any CPU
		{D76DA467-D337-4E3B-B690-1A89D673FD19}.Release|Any CPU.ActiveCfg = Release|Any CPU
		{D76DA467-D337-4E3B-B690-1A89D673FD19}.Release|Any CPU.Build.0 = Release|Any CPU
		{759C6C3E-0C2A-456F-AC3C-42D8B9329566}.Debug|Any CPU.ActiveCfg = Debug|Any CPU
		{759C6C3E-0C2A-456F-AC3C-42D8B9329566}.Debug|Any CPU.Build.0 = Debug|Any CPU
		{759C6C3E-0C2A-456F-AC3C-42D8B9329566}.Release|Any CPU.ActiveCfg = Release|Any CPU
		{759C6C3E-0C2A-456F-AC3C-42D8B9329566}.Release|Any CPU.Build.0 = Release|Any CPU
		{FE70D0A0-0C4C-44D5-8310-6AF36CDF000A}.Debug|Any CPU.ActiveCfg = Debug|Any CPU
		{FE70D0A0-0C4C-44D5-8310-6AF36CDF000A}.Debug|Any CPU.Build.0 = Debug|Any CPU
		{FE70D0A0-0C4C-44D5-8310-6AF36CDF000A}.Release|Any CPU.ActiveCfg = Release|Any CPU
		{FE70D0A0-0C4C-44D5-8310-6AF36CDF000A}.Release|Any CPU.Build.0 = Release|Any CPU
		{F9CA4DF0-4DCB-4A9B-B74B-E474508F41FF}.Debug|Any CPU.ActiveCfg = Debug|Any CPU
		{F9CA4DF0-4DCB-4A9B-B74B-E474508F41FF}.Debug|Any CPU.Build.0 = Debug|Any CPU
		{F9CA4DF0-4DCB-4A9B-B74B-E474508F41FF}.Release|Any CPU.ActiveCfg = Release|Any CPU
		{F9CA4DF0-4DCB-4A9B-B74B-E474508F41FF}.Release|Any CPU.Build.0 = Release|Any CPU
	EndGlobalSection
	GlobalSection(SolutionProperties) = preSolution
		HideSolutionNode = FALSE
	EndGlobalSection
EndGlobal
